
Microsoft Visual Studio Solution File, Format Version 12.00
# Visual Studio 15
VisualStudioVersion = 15.0.26228.4
MinimumVisualStudioVersion = 10.0.40219.1
Project("{9A19103F-16F7-4668-BE54-9A1E7A4F7556}") = "ProjectTest", "ProjectTest.csproj", "{BBC19331-61D2-4F98-9906-1C6356A1D99C}"
EndProject
Global
	GlobalSection(SolutionConfigurationPlatforms) = preSolution
		Debug|Any CPU = Debug|Any CPU
		Release|Any CPU = Release|Any CPU
	EndGlobalSection
	GlobalSection(ProjectConfigurationPlatforms) = postSolution
		{BBC19331-61D2-4F98-9906-1C6356A1D99C}.Debug|Any CPU.ActiveCfg = Debug|Any CPU
		{BBC19331-61D2-4F98-9906-1C6356A1D99C}.Debug|Any CPU.Build.0 = Debug|Any CPU
		{BBC19331-61D2-4F98-9906-1C6356A1D99C}.Release|Any CPU.ActiveCfg = Release|Any CPU
		{BBC19331-61D2-4F98-9906-1C6356A1D99C}.Release|Any CPU.Build.0 = Release|Any CPU
	EndGlobalSection
	GlobalSection(SolutionProperties) = preSolution
		HideSolutionNode = FALSE
	EndGlobalSection
EndGlobal
